# This file is automatically @generated by Cargo.
# It is not intended for manual editing.
version = 4

[[package]]
name = "equivalent"
version = "1.0.2"
source = "registry+https://github.com/rust-lang/crates.io-index"
checksum = "877a4ace8713b0bcf2a4e7eec82529c029f1d0619886d18145fea96c3ffe5c0f"

[[package]]
name = "hashbrown"
version = "0.17.1"
source = "registry+https://github.com/rust-lang/crates.io-index"
checksum = "ed5909b6e89a2db4456e54cd5f673791d7eca6732202bbf2a9cc504fe2f9b84a"

[[package]]
name = "indexmap"
version = "2.14.2"
source = "registry+https://github.com/rust-lang/crates.io-index"
checksum = "cc4e190f5d26ca7051642629da2c52fc03bde85a03197c99408dcd291734c855"
dependencies = [
 "equivalent",
 "hashbrown",
]

[[package]]
name = "jane-app"
version = "0.1.0"
dependencies = [
 "jane-core",
 "jane-data",
 "jane-net",
 "jane-present",
 "jane-render-gl2",
 "jane-render-soft",
 "jane-render-wgpu",
 "jane-sim",
]

[[package]]
name = "jane-art"
version = "0.1.0"
dependencies = [
 "jane-core",
 "jane-data",
]

[[package]]
name = "jane-bot"
version = "0.1.0"
dependencies = [
 "jane-core",
 "jane-data",
 "jane-sim",
]

[[package]]
name = "jane-cli"
version = "0.1.0"
dependencies = [
 "jane-art",
 "jane-bot",
 "jane-core",
 "jane-data",
 "jane-net",
 "jane-present",
 "jane-render-soft",
 "jane-schema",
 "jane-sim",
 "jane-world",
]

[[package]]
name = "jane-core"
version = "0.1.0"
dependencies = [
 "indexmap",
]

[[package]]
name = "jane-data"
version = "0.1.0"
dependencies = [
 "jane-core",
]

[[package]]
name = "jane-net"
version = "0.1.0"
dependencies = [
 "jane-core",
 "jane-sim",
]

[[package]]
name = "jane-present"
version = "0.1.0"
dependencies = [
 "jane-art",
 "jane-core",
 "jane-data",
 "jane-sim",
 "jane-world",
]

[[package]]
name = "jane-render-gl2"
version = "0.1.0"
dependencies = [
 "jane-present",
]

[[package]]
name = "jane-render-soft"
version = "0.1.0"
dependencies = [
 "jane-present",
]

[[package]]
name = "jane-render-wgpu"
version = "0.1.0"
dependencies = [
 "jane-present",
]

[[package]]
name = "jane-schema"
version = "0.1.0"
dependencies = [
 "jane-core",
]

[[package]]
name = "jane-sim"
version = "0.1.0"
dependencies = [
 "jane-core",
 "jane-data",
 "jane-world",
]

[[package]]
name = "jane-world"
version = "0.1.0"
dependencies = [
 "jane-core",
 "jane-data",
]
