# This file is automatically @generated by Cargo.
# It is not intended for manual editing.
version = 4

[[package]]
name = "jane-app"
version = "0.1.0"
dependencies = [
 "jane-core",
 "jane-data",
 "jane-net",
 "jane-present",
 "jane-render-gl2",
 "jane-render-soft",
 "jane-render-wgpu",
 "jane-sim",
]

[[package]]
name = "jane-art"
version = "0.1.0"
dependencies = [
 "jane-core",
 "jane-data",
]

[[package]]
name = "jane-bot"
version = "0.1.0"
dependencies = [
 "jane-core",
 "jane-data",
 "jane-sim",
]

[[package]]
name = "jane-cli"
version = "0.1.0"
dependencies = [
 "jane-art",
 "jane-bot",
 "jane-core",
 "jane-data",
 "jane-net",
 "jane-present",
 "jane-render-soft",
 "jane-schema",
 "jane-sim",
 "jane-world",
]

[[package]]
name = "jane-core"
version = "0.1.0"

[[package]]
name = "jane-data"
version = "0.1.0"
dependencies = [
 "jane-core",
]

[[package]]
name = "jane-net"
version = "0.1.0"
dependencies = [
 "jane-core",
 "jane-sim",
]

[[package]]
name = "jane-present"
version = "0.1.0"
dependencies = [
 "jane-art",
 "jane-core",
 "jane-data",
 "jane-sim",
 "jane-world",
]

[[package]]
name = "jane-render-gl2"
version = "0.1.0"
dependencies = [
 "jane-present",
]

[[package]]
name = "jane-render-soft"
version = "0.1.0"
dependencies = [
 "jane-present",
]

[[package]]
name = "jane-render-wgpu"
version = "0.1.0"
dependencies = [
 "jane-present",
]

[[package]]
name = "jane-schema"
version = "0.1.0"
dependencies = [
 "jane-core",
]

[[package]]
name = "jane-sim"
version = "0.1.0"
dependencies = [
 "jane-core",
 "jane-data",
 "jane-world",
]

[[package]]
name = "jane-world"
version = "0.1.0"
dependencies = [
 "jane-core",
 "jane-data",
]
